
Microsoft Visual Studio Solution File, Format Version 12.00
# Visual Studio 15
VisualStudioVersion = 15.0.28010.2048
MinimumVisualStudioVersion = 10.0.40219.1
Project("{E24C65DC-7377-472B-9ABA-BC803B73C61A}") = "cantee", "cantee\", "{D28938A8-0E2B-46FF-90D0-5EE582B5CCF0}"
	ProjectSection(WebsiteProperties) = preProject
		TargetFrameworkMoniker = ".NETFramework,Version%3Dv4.5"
		Debug.AspNetCompiler.VirtualPath = "/localhost_65000"
		Debug.AspNetCompiler.PhysicalPath = "cantee\"
		Debug.AspNetCompiler.TargetPath = "PrecompiledWeb\localhost_65000\"
		Debug.AspNetCompiler.Updateable = "true"
		Debug.AspNetCompiler.ForceOverwrite = "true"
		Debug.AspNetCompiler.FixedNames = "false"
		Debug.AspNetCompiler.Debug = "True"
		Release.AspNetCompiler.VirtualPath = "/localhost_65000"
		Release.AspNetCompiler.PhysicalPath = "cantee\"
		Release.AspNetCompiler.TargetPath = "PrecompiledWeb\localhost_65000\"
		Release.AspNetCompiler.Updateable = "true"
		Release.AspNetCompiler.ForceOverwrite = "true"
		Release.AspNetCompiler.FixedNames = "false"
		Release.AspNetCompiler.Debug = "False"
		VWDPort = "65000"
		SlnRelativePath = "cantee\"
		DefaultWebSiteLanguage = "Visual C#"
	EndProjectSection
EndProject
Global
	GlobalSection(SolutionConfigurationPlatforms) = preSolution
		Debug|Any CPU = Debug|Any CPU
	EndGlobalSection
	GlobalSection(ProjectConfigurationPlatforms) = postSolution
		{D28938A8-0E2B-46FF-90D0-5EE582B5CCF0}.Debug|Any CPU.ActiveCfg = Debug|Any CPU
		{D28938A8-0E2B-46FF-90D0-5EE582B5CCF0}.Debug|Any CPU.Build.0 = Debug|Any CPU
	EndGlobalSection
	GlobalSection(SolutionProperties) = preSolution
		HideSolutionNode = FALSE
	EndGlobalSection
	GlobalSection(ExtensibilityGlobals) = postSolution
		SolutionGuid = {EC6BB497-A80D-480F-8F53-A0909B129743}
	EndGlobalSection
EndGlobal
